
Microsoft Visual Studio Solution File, Format Version 12.00
# Visual Studio Version 17
VisualStudioVersion = 17.7.34202.233
MinimumVisualStudioVersion = 10.0.40219.1
Project("{9A19103F-16F7-4668-BE54-9A1E7A4F7556}") = "PasiekaMainProject", "PasiekaMainProject\PasiekaMainProject.csproj", "{16A46827-DD9D-45EE-A0D1-C2E05D235825}"
EndProject
Project("{2150E333-8FDC-42A3-9474-1A3956D46DE8}") = "Solution Items", "Solution Items", "{ECA3C762-D409-49F0-B49F-9001B7FCB6BB}"
EndProject
Project("{9A19103F-16F7-4668-BE54-9A1E7A4F7556}") = "MobileApp", "MobileApp\MobileApp\MobileApp.csproj", "{FE90E8DC-46D7-4150-B53D-EAB397075060}"
EndProject
Project("{9A19103F-16F7-4668-BE54-9A1E7A4F7556}") = "MobileApp.Droid", "MobileApp\MobileApp.Droid\MobileApp.Droid.csproj", "{E75A2AA5-BC3C-43BC-B29D-A5146E4BF191}"
EndProject
Project("{9A19103F-16F7-4668-BE54-9A1E7A4F7556}") = "MobileApp.iOS", "MobileApp\MobileApp.iOS\MobileApp.iOS.csproj", "{85C715CF-28C0-4CE6-A076-BFE46C44C697}"
EndProject
Project("{9A19103F-16F7-4668-BE54-9A1E7A4F7556}") = "MobileApp.Mac", "MobileApp\MobileApp.Mac\MobileApp.Mac.csproj", "{0596E659-E214-4E71-BB36-A9B865E16836}"
EndProject
Project("{9A19103F-16F7-4668-BE54-9A1E7A4F7556}") = "MobileApp.WinUI", "MobileApp\MobileApp.WinUI\MobileApp.WinUI.csproj", "{585BED53-FEBE-4AF3-9228-C0C249CEC05E}"
EndProject
Project("{9A19103F-16F7-4668-BE54-9A1E7A4F7556}") = "Data.Core", "Data.Core\Data.Core.csproj", "{CBD91F09-8A5C-4943-859A-4D57989F7B18}"
EndProject
Project("{9A19103F-16F7-4668-BE54-9A1E7A4F7556}") = "Utilities", "Utilities\Utilities.csproj", "{F4270CF0-88BC-4FCF-A188-748A6AE44636}"
EndProject
Global
	GlobalSection(SolutionConfigurationPlatforms) = preSolution
		Debug|Any CPU = Debug|Any CPU
		Debug|ARM64 = Debug|ARM64
		Debug|x64 = Debug|x64
		Debug|x86 = Debug|x86
		Release|Any CPU = Release|Any CPU
		Release|ARM64 = Release|ARM64
		Release|x64 = Release|x64
		Release|x86 = Release|x86
	EndGlobalSection
	GlobalSection(ProjectConfigurationPlatforms) = postSolution
		{16A46827-DD9D-45EE-A0D1-C2E05D235825}.Debug|Any CPU.ActiveCfg = Debug|Any CPU
		{16A46827-DD9D-45EE-A0D1-C2E05D235825}.Debug|Any CPU.Build.0 = Debug|Any CPU
		{16A46827-DD9D-45EE-A0D1-C2E05D235825}.Debug|ARM64.ActiveCfg = Debug|Any CPU
		{16A46827-DD9D-45EE-A0D1-C2E05D235825}.Debug|ARM64.Build.0 = Debug|Any CPU
		{16A46827-DD9D-45EE-A0D1-C2E05D235825}.Debug|x64.ActiveCfg = Debug|Any CPU
		{16A46827-DD9D-45EE-A0D1-C2E05D235825}.Debug|x64.Build.0 = Debug|Any CPU
		{16A46827-DD9D-45EE-A0D1-C2E05D235825}.Debug|x86.ActiveCfg = Debug|Any CPU
		{16A46827-DD9D-45EE-A0D1-C2E05D235825}.Debug|x86.Build.0 = Debug|Any CPU
		{16A46827-DD9D-45EE-A0D1-C2E05D235825}.Release|Any CPU.ActiveCfg = Release|Any CPU
		{16A46827-DD9D-45EE-A0D1-C2E05D235825}.Release|Any CPU.Build.0 = Release|Any CPU
		{16A46827-DD9D-45EE-A0D1-C2E05D235825}.Release|ARM64.ActiveCfg = Release|Any CPU
		{16A46827-DD9D-45EE-A0D1-C2E05D235825}.Release|ARM64.Build.0 = Release|Any CPU
		{16A46827-DD9D-45EE-A0D1-C2E05D235825}.Release|x64.ActiveCfg = Release|Any CPU
		{16A46827-DD9D-45EE-A0D1-C2E05D235825}.Release|x64.Build.0 = Release|Any CPU
		{16A46827-DD9D-45EE-A0D1-C2E05D235825}.Release|x86.ActiveCfg = Release|Any CPU
		{16A46827-DD9D-45EE-A0D1-C2E05D235825}.Release|x86.Build.0 = Release|Any CPU
		{FE90E8DC-46D7-4150-B53D-EAB397075060}.Debug|Any CPU.ActiveCfg = Debug|Any CPU
		{FE90E8DC-46D7-4150-B53D-EAB397075060}.Debug|Any CPU.Build.0 = Debug|Any CPU
		{FE90E8DC-46D7-4150-B53D-EAB397075060}.Debug|ARM64.ActiveCfg = Debug|Any CPU
		{FE90E8DC-46D7-4150-B53D-EAB397075060}.Debug|ARM64.Build.0 = Debug|Any CPU
		{FE90E8DC-46D7-4150-B53D-EAB397075060}.Debug|x64.ActiveCfg = Debug|Any CPU
		{FE90E8DC-46D7-4150-B53D-EAB397075060}.Debug|x64.Build.0 = Debug|Any CPU
		{FE90E8DC-46D7-4150-B53D-EAB397075060}.Debug|x86.ActiveCfg = Debug|Any CPU
		{FE90E8DC-46D7-4150-B53D-EAB397075060}.Debug|x86.Build.0 = Debug|Any CPU
		{FE90E8DC-46D7-4150-B53D-EAB397075060}.Release|Any CPU.ActiveCfg = Release|Any CPU
		{FE90E8DC-46D7-4150-B53D-EAB397075060}.Release|Any CPU.Build.0 = Release|Any CPU
		{FE90E8DC-46D7-4150-B53D-EAB397075060}.Release|ARM64.ActiveCfg = Release|Any CPU
		{FE90E8DC-46D7-4150-B53D-EAB397075060}.Release|ARM64.Build.0 = Release|Any CPU
		{FE90E8DC-46D7-4150-B53D-EAB397075060}.Release|x64.ActiveCfg = Release|Any CPU
		{FE90E8DC-46D7-4150-B53D-EAB397075060}.Release|x64.Build.0 = Release|Any CPU
		{FE90E8DC-46D7-4150-B53D-EAB397075060}.Release|x86.ActiveCfg = Release|Any CPU
		{FE90E8DC-46D7-4150-B53D-EAB397075060}.Release|x86.Build.0 = Release|Any CPU
		{E75A2AA5-BC3C-43BC-B29D-A5146E4BF191}.Debug|Any CPU.ActiveCfg = Debug|Any CPU
		{E75A2AA5-BC3C-43BC-B29D-A5146E4BF191}.Debug|ARM64.ActiveCfg = Debug|Any CPU
		{E75A2AA5-BC3C-43BC-B29D-A5146E4BF191}.Debug|ARM64.Build.0 = Debug|Any CPU
		{E75A2AA5-BC3C-43BC-B29D-A5146E4BF191}.Debug|ARM64.Deploy.0 = Debug|Any CPU
		{E75A2AA5-BC3C-43BC-B29D-A5146E4BF191}.Debug|x64.ActiveCfg = Debug|Any CPU
		{E75A2AA5-BC3C-43BC-B29D-A5146E4BF191}.Debug|x64.Build.0 = Debug|Any CPU
		{E75A2AA5-BC3C-43BC-B29D-A5146E4BF191}.Debug|x64.Deploy.0 = Debug|Any CPU
		{E75A2AA5-BC3C-43BC-B29D-A5146E4BF191}.Debug|x86.ActiveCfg = Debug|Any CPU
		{E75A2AA5-BC3C-43BC-B29D-A5146E4BF191}.Debug|x86.Build.0 = Debug|Any CPU
		{E75A2AA5-BC3C-43BC-B29D-A5146E4BF191}.Debug|x86.Deploy.0 = Debug|Any CPU
		{E75A2AA5-BC3C-43BC-B29D-A5146E4BF191}.Release|Any CPU.ActiveCfg = Release|Any CPU
		{E75A2AA5-BC3C-43BC-B29D-A5146E4BF191}.Release|Any CPU.Build.0 = Release|Any CPU
		{E75A2AA5-BC3C-43BC-B29D-A5146E4BF191}.Release|Any CPU.Deploy.0 = Release|Any CPU
		{E75A2AA5-BC3C-43BC-B29D-A5146E4BF191}.Release|ARM64.ActiveCfg = Release|Any CPU
		{E75A2AA5-BC3C-43BC-B29D-A5146E4BF191}.Release|ARM64.Build.0 = Release|Any CPU
		{E75A2AA5-BC3C-43BC-B29D-A5146E4BF191}.Release|ARM64.Deploy.0 = Release|Any CPU
		{E75A2AA5-BC3C-43BC-B29D-A5146E4BF191}.Release|x64.ActiveCfg = Release|Any CPU
		{E75A2AA5-BC3C-43BC-B29D-A5146E4BF191}.Release|x64.Build.0 = Release|Any CPU
		{E75A2AA5-BC3C-43BC-B29D-A5146E4BF191}.Release|x64.Deploy.0 = Release|Any CPU
		{E75A2AA5-BC3C-43BC-B29D-A5146E4BF191}.Release|x86.ActiveCfg = Release|Any CPU
		{E75A2AA5-BC3C-43BC-B29D-A5146E4BF191}.Release|x86.Build.0 = Release|Any CPU
		{E75A2AA5-BC3C-43BC-B29D-A5146E4BF191}.Release|x86.Deploy.0 = Release|Any CPU
		{85C715CF-28C0-4CE6-A076-BFE46C44C697}.Debug|Any CPU.ActiveCfg = Debug|Any CPU
		{85C715CF-28C0-4CE6-A076-BFE46C44C697}.Debug|ARM64.ActiveCfg = Debug|Any CPU
		{85C715CF-28C0-4CE6-A076-BFE46C44C697}.Debug|ARM64.Build.0 = Debug|Any CPU
		{85C715CF-28C0-4CE6-A076-BFE46C44C697}.Debug|ARM64.Deploy.0 = Debug|Any CPU
		{85C715CF-28C0-4CE6-A076-BFE46C44C697}.Debug|x64.ActiveCfg = Debug|Any CPU
		{85C715CF-28C0-4CE6-A076-BFE46C44C697}.Debug|x64.Build.0 = Debug|Any CPU
		{85C715CF-28C0-4CE6-A076-BFE46C44C697}.Debug|x64.Deploy.0 = Debug|Any CPU
		{85C715CF-28C0-4CE6-A076-BFE46C44C697}.Debug|x86.ActiveCfg = Debug|Any CPU
		{85C715CF-28C0-4CE6-A076-BFE46C44C697}.Debug|x86.Build.0 = Debug|Any CPU
		{85C715CF-28C0-4CE6-A076-BFE46C44C697}.Debug|x86.Deploy.0 = Debug|Any CPU
		{85C715CF-28C0-4CE6-A076-BFE46C44C697}.Release|Any CPU.ActiveCfg = Release|Any CPU
		{85C715CF-28C0-4CE6-A076-BFE46C44C697}.Release|ARM64.ActiveCfg = Release|Any CPU
		{85C715CF-28C0-4CE6-A076-BFE46C44C697}.Release|ARM64.Build.0 = Release|Any CPU
		{85C715CF-28C0-4CE6-A076-BFE46C44C697}.Release|ARM64.Deploy.0 = Release|Any CPU
		{85C715CF-28C0-4CE6-A076-BFE46C44C697}.Release|x64.ActiveCfg = Release|Any CPU
		{85C715CF-28C0-4CE6-A076-BFE46C44C697}.Release|x64.Build.0 = Release|Any CPU
		{85C715CF-28C0-4CE6-A076-BFE46C44C697}.Release|x64.Deploy.0 = Release|Any CPU
		{85C715CF-28C0-4CE6-A076-BFE46C44C697}.Release|x86.ActiveCfg = Release|Any CPU
		{85C715CF-28C0-4CE6-A076-BFE46C44C697}.Release|x86.Build.0 = Release|Any CPU
		{85C715CF-28C0-4CE6-A076-BFE46C44C697}.Release|x86.Deploy.0 = Release|Any CPU
		{0596E659-E214-4E71-BB36-A9B865E16836}.Debug|Any CPU.ActiveCfg = Debug|Any CPU
		{0596E659-E214-4E71-BB36-A9B865E16836}.Debug|ARM64.ActiveCfg = Debug|Any CPU
		{0596E659-E214-4E71-BB36-A9B865E16836}.Debug|ARM64.Build.0 = Debug|Any CPU
		{0596E659-E214-4E71-BB36-A9B865E16836}.Debug|ARM64.Deploy.0 = Debug|Any CPU
		{0596E659-E214-4E71-BB36-A9B865E16836}.Debug|x64.ActiveCfg = Debug|Any CPU
		{0596E659-E214-4E71-BB36-A9B865E16836}.Debug|x64.Build.0 = Debug|Any CPU
		{0596E659-E214-4E71-BB36-A9B865E16836}.Debug|x64.Deploy.0 = Debug|Any CPU
		{0596E659-E214-4E71-BB36-A9B865E16836}.Debug|x86.ActiveCfg = Debug|Any CPU
		{0596E659-E214-4E71-BB36-A9B865E16836}.Debug|x86.Build.0 = Debug|Any CPU
		{0596E659-E214-4E71-BB36-A9B865E16836}.Debug|x86.Deploy.0 = Debug|Any CPU
		{0596E659-E214-4E71-BB36-A9B865E16836}.Release|Any CPU.ActiveCfg = Release|Any CPU
		{0596E659-E214-4E71-BB36-A9B865E16836}.Release|ARM64.ActiveCfg = Release|Any CPU
		{0596E659-E214-4E71-BB36-A9B865E16836}.Release|ARM64.Build.0 = Release|Any CPU
		{0596E659-E214-4E71-BB36-A9B865E16836}.Release|ARM64.Deploy.0 = Release|Any CPU
		{0596E659-E214-4E71-BB36-A9B865E16836}.Release|x64.ActiveCfg = Release|Any CPU
		{0596E659-E214-4E71-BB36-A9B865E16836}.Release|x64.Build.0 = Release|Any CPU
		{0596E659-E214-4E71-BB36-A9B865E16836}.Release|x64.Deploy.0 = Release|Any CPU
		{0596E659-E214-4E71-BB36-A9B865E16836}.Release|x86.ActiveCfg = Release|Any CPU
		{0596E659-E214-4E71-BB36-A9B865E16836}.Release|x86.Build.0 = Release|Any CPU
		{0596E659-E214-4E71-BB36-A9B865E16836}.Release|x86.Deploy.0 = Release|Any CPU
		{585BED53-FEBE-4AF3-9228-C0C249CEC05E}.Debug|Any CPU.ActiveCfg = Debug|x64
		{585BED53-FEBE-4AF3-9228-C0C249CEC05E}.Debug|Any CPU.Build.0 = Debug|x64
		{585BED53-FEBE-4AF3-9228-C0C249CEC05E}.Debug|Any CPU.Deploy.0 = Debug|x64
		{585BED53-FEBE-4AF3-9228-C0C249CEC05E}.Debug|ARM64.ActiveCfg = Debug|ARM64
		{585BED53-FEBE-4AF3-9228-C0C249CEC05E}.Debug|ARM64.Build.0 = Debug|ARM64
		{585BED53-FEBE-4AF3-9228-C0C249CEC05E}.Debug|ARM64.Deploy.0 = Debug|ARM64
		{585BED53-FEBE-4AF3-9228-C0C249CEC05E}.Debug|x64.ActiveCfg = Debug|x64
		{585BED53-FEBE-4AF3-9228-C0C249CEC05E}.Debug|x64.Build.0 = Debug|x64
		{585BED53-FEBE-4AF3-9228-C0C249CEC05E}.Debug|x64.Deploy.0 = Debug|x64
		{585BED53-FEBE-4AF3-9228-C0C249CEC05E}.Debug|x86.ActiveCfg = Debug|x86
		{585BED53-FEBE-4AF3-9228-C0C249CEC05E}.Debug|x86.Build.0 = Debug|x86
		{585BED53-FEBE-4AF3-9228-C0C249CEC05E}.Debug|x86.Deploy.0 = Debug|x86
		{585BED53-FEBE-4AF3-9228-C0C249CEC05E}.Release|Any CPU.ActiveCfg = Release|x64
		{585BED53-FEBE-4AF3-9228-C0C249CEC05E}.Release|Any CPU.Build.0 = Release|x64
		{585BED53-FEBE-4AF3-9228-C0C249CEC05E}.Release|Any CPU.Deploy.0 = Release|x64
		{585BED53-FEBE-4AF3-9228-C0C249CEC05E}.Release|ARM64.ActiveCfg = Release|ARM64
		{585BED53-FEBE-4AF3-9228-C0C249CEC05E}.Release|ARM64.Build.0 = Release|ARM64
		{585BED53-FEBE-4AF3-9228-C0C249CEC05E}.Release|ARM64.Deploy.0 = Release|ARM64
		{585BED53-FEBE-4AF3-9228-C0C249CEC05E}.Release|x64.ActiveCfg = Release|x64
		{585BED53-FEBE-4AF3-9228-C0C249CEC05E}.Release|x64.Build.0 = Release|x64
		{585BED53-FEBE-4AF3-9228-C0C249CEC05E}.Release|x64.Deploy.0 = Release|x64
		{585BED53-FEBE-4AF3-9228-C0C249CEC05E}.Release|x86.ActiveCfg = Release|x86
		{585BED53-FEBE-4AF3-9228-C0C249CEC05E}.Release|x86.Build.0 = Release|x86
		{585BED53-FEBE-4AF3-9228-C0C249CEC05E}.Release|x86.Deploy.0 = Release|x86
		{CBD91F09-8A5C-4943-859A-4D57989F7B18}.Debug|Any CPU.ActiveCfg = Debug|Any CPU
		{CBD91F09-8A5C-4943-859A-4D57989F7B18}.Debug|Any CPU.Build.0 = Debug|Any CPU
		{CBD91F09-8A5C-4943-859A-4D57989F7B18}.Debug|ARM64.ActiveCfg = Debug|Any CPU
		{CBD91F09-8A5C-4943-859A-4D57989F7B18}.Debug|ARM64.Build.0 = Debug|Any CPU
		{CBD91F09-8A5C-4943-859A-4D57989F7B18}.Debug|x64.ActiveCfg = Debug|Any CPU
		{CBD91F09-8A5C-4943-859A-4D57989F7B18}.Debug|x64.Build.0 = Debug|Any CPU
		{CBD91F09-8A5C-4943-859A-4D57989F7B18}.Debug|x86.ActiveCfg = Debug|Any CPU
		{CBD91F09-8A5C-4943-859A-4D57989F7B18}.Debug|x86.Build.0 = Debug|Any CPU
		{CBD91F09-8A5C-4943-859A-4D57989F7B18}.Release|Any CPU.ActiveCfg = Release|Any CPU
		{CBD91F09-8A5C-4943-859A-4D57989F7B18}.Release|Any CPU.Build.0 = Release|Any CPU
		{CBD91F09-8A5C-4943-859A-4D57989F7B18}.Release|ARM64.ActiveCfg = Release|Any CPU
		{CBD91F09-8A5C-4943-859A-4D57989F7B18}.Release|ARM64.Build.0 = Release|Any CPU
		{CBD91F09-8A5C-4943-859A-4D57989F7B18}.Release|x64.ActiveCfg = Release|Any CPU
		{CBD91F09-8A5C-4943-859A-4D57989F7B18}.Release|x64.Build.0 = Release|Any CPU
		{CBD91F09-8A5C-4943-859A-4D57989F7B18}.Release|x86.ActiveCfg = Release|Any CPU
		{CBD91F09-8A5C-4943-859A-4D57989F7B18}.Release|x86.Build.0 = Release|Any CPU
		{F4270CF0-88BC-4FCF-A188-748A6AE44636}.Debug|Any CPU.ActiveCfg = Debug|Any CPU
		{F4270CF0-88BC-4FCF-A188-748A6AE44636}.Debug|Any CPU.Build.0 = Debug|Any CPU
		{F4270CF0-88BC-4FCF-A188-748A6AE44636}.Debug|ARM64.ActiveCfg = Debug|Any CPU
		{F4270CF0-88BC-4FCF-A188-748A6AE44636}.Debug|ARM64.Build.0 = Debug|Any CPU
		{F4270CF0-88BC-4FCF-A188-748A6AE44636}.Debug|x64.ActiveCfg = Debug|Any CPU
		{F4270CF0-88BC-4FCF-A188-748A6AE44636}.Debug|x64.Build.0 = Debug|Any CPU
		{F4270CF0-88BC-4FCF-A188-748A6AE44636}.Debug|x86.ActiveCfg = Debug|Any CPU
		{F4270CF0-88BC-4FCF-A188-748A6AE44636}.Debug|x86.Build.0 = Debug|Any CPU
		{F4270CF0-88BC-4FCF-A188-748A6AE44636}.Release|Any CPU.ActiveCfg = Release|Any CPU
		{F4270CF0-88BC-4FCF-A188-748A6AE44636}.Release|Any CPU.Build.0 = Release|Any CPU
		{F4270CF0-88BC-4FCF-A188-748A6AE44636}.Release|ARM64.ActiveCfg = Release|Any CPU
		{F4270CF0-88BC-4FCF-A188-748A6AE44636}.Release|ARM64.Build.0 = Release|Any CPU
		{F4270CF0-88BC-4FCF-A188-748A6AE44636}.Release|x64.ActiveCfg = Release|Any CPU
		{F4270CF0-88BC-4FCF-A188-748A6AE44636}.Release|x64.Build.0 = Release|Any CPU
		{F4270CF0-88BC-4FCF-A188-748A6AE44636}.Release|x86.ActiveCfg = Release|Any CPU
		{F4270CF0-88BC-4FCF-A188-748A6AE44636}.Release|x86.Build.0 = Release|Any CPU
	EndGlobalSection
	GlobalSection(SolutionProperties) = preSolution
		HideSolutionNode = FALSE
	EndGlobalSection
	GlobalSection(ExtensibilityGlobals) = postSolution
		SolutionGuid = {4C998286-14B9-4C52-B0C5-FDA19B06AE11}
	EndGlobalSection
EndGlobal
